<?xml version="1.0" encoding="utf-8"?>
<Project ToolsVersion="4.0" xmlns="http://schemas.microsoft.com/developer/msbuild/2003">
  <ItemGroup>
    <ClCompile Include="main.cpp" />
    <ClCompile Include="JNI.cpp">
      <Filter>JNI</Filter>
    </ClCompile>
    <ClCompile Include="Hooks.cpp">
      <Filter>Hooks</Filter>
    </ClCompile>
  </ItemGroup>
  <ItemGroup>
    <Filter Include="JNI">
      <UniqueIdentifier>{eb1e24b7-a60d-4de6-ae03-1a68c8efd9d2}</UniqueIdentifier>
    </Filter>
    <Filter Include="Hooks">
      <UniqueIdentifier>{8f09c268-1c57-4595-8740-ccec95fff0d2}</UniqueIdentifier>
    </Filter>
    <Filter Include="Dependencies">
      <UniqueIdentifier>{5e3efa5a-47f5-4d36-b306-f13b40aedb7f}</UniqueIdentifier>
    </Filter>
    <Filter Include="Dependencies\MinHook">
      <UniqueIdentifier>{fa65c7c5-ceb5-4e1c-83ed-0dd5631f16ca}</UniqueIdentifier>
    </Filter>
  </ItemGroup>
  <ItemGroup>
    <ClInclude Include="JNI.h">
      <Filter>JNI</Filter>
    </ClInclude>
    <ClInclude Include="Hooks.h">
      <Filter>Hooks</Filter>
    </ClInclude>
    <ClInclude Include="Dependencies\Include\MinHook.h">
      <Filter>Dependencies\MinHook</Filter>
    </ClInclude>
  </ItemGroup>
</Project>